
Microsoft Visual Studio Solution File, Format Version 12.00
# Visual Studio Version 16
VisualStudioVersion = 16.0.33214.272
MinimumVisualStudioVersion = 10.0.40219.1
Project("{F184B08F-C81C-45F6-A57F-5ABD9991F28F}") = "let me cook", "let me cook\let me cook.vbproj", "{F4B0F765-FA7A-4B5D-BC5D-E5CD83BBE327}"
EndProject
Global
	GlobalSection(SolutionConfigurationPlatforms) = preSolution
		Debug|Any CPU = Debug|Any CPU
		Release|Any CPU = Release|Any CPU
	EndGlobalSection
	GlobalSection(ProjectConfigurationPlatforms) = postSolution
		{F4B0F765-FA7A-4B5D-BC5D-E5CD83BBE327}.Debug|Any CPU.ActiveCfg = Debug|Any CPU
		{F4B0F765-FA7A-4B5D-BC5D-E5CD83BBE327}.Debug|Any CPU.Build.0 = Debug|Any CPU
		{F4B0F765-FA7A-4B5D-BC5D-E5CD83BBE327}.Release|Any CPU.ActiveCfg = Release|Any CPU
		{F4B0F765-FA7A-4B5D-BC5D-E5CD83BBE327}.Release|Any CPU.Build.0 = Release|Any CPU
	EndGlobalSection
	GlobalSection(SolutionProperties) = preSolution
		HideSolutionNode = FALSE
	EndGlobalSection
	GlobalSection(ExtensibilityGlobals) = postSolution
		SolutionGuid = {10E6DAA4-0947-4381-B937-B77D351B3464}
	EndGlobalSection
EndGlobal
